// !$*UTF8*$!
{
	archiveVersion = 1;
	classes = {
	};
	objectVersion = 56;
	objects = {

/* Begin PBXBuildFile section */
		041E5AC9296F3ADC00267C6E /* Header.swift in Sources */ = {isa = PBXBuildFile; fileRef = 041E5AC8296F3ADC00267C6E /* Header.swift */; };
		041E5ACC296F477000267C6E /* TakePicViewController.swift in Sources */ = {isa = PBXBuildFile; fileRef = 041E5ACB296F477000267C6E /* TakePicViewController.swift */; };
		0482641166CF8AE5D16C50ED /* Pods_FinishedHalalChecker.framework in Frameworks */ = {isa = PBXBuildFile; fileRef = 81F682749E4419BAEE57D604 /* Pods_FinishedHalalChecker.framework */; };
		04BCF43F295AC29100A420B6 /* AppDelegate.swift in Sources */ = {isa = PBXBuildFile; fileRef = 04BCF43E295AC29100A420B6 /* AppDelegate.swift */; };
		04BCF441295AC29100A420B6 /* SceneDelegate.swift in Sources */ = {isa = PBXBuildFile; fileRef = 04BCF440295AC29100A420B6 /* SceneDelegate.swift */; };
		04BCF443295AC29100A420B6 /* ViewController.swift in Sources */ = {isa = PBXBuildFile; fileRef = 04BCF442295AC29100A420B6 /* ViewController.swift */; };
		04BCF446295AC29100A420B6 /* Main.storyboard in Resources */ = {isa = PBXBuildFile; fileRef = 04BCF444295AC29100A420B6 /* Main.storyboard */; };
		04BCF449295AC29100A420B6 /* FinishedHalalChecker.xcdatamodeld in Sources */ = {isa = PBXBuildFile; fileRef = 04BCF447295AC29100A420B6 /* FinishedHalalChecker.xcdatamodeld */; };
		04BCF44B295AC29200A420B6 /* Assets.xcassets in Resources */ = {isa = PBXBuildFile; fileRef = 04BCF44A295AC29200A420B6 /* Assets.xcassets */; };
		04BCF44E295AC29200A420B6 /* LaunchScreen.storyboard in Resources */ = {isa = PBXBuildFile; fileRef = 04BCF44C295AC29200A420B6 /* LaunchScreen.storyboard */; };
		04BCF486295E50A100A420B6 /* TableViewCell.swift in Sources */ = {isa = PBXBuildFile; fileRef = 04BCF485295E50A100A420B6 /* TableViewCell.swift */; };
/* End PBXBuildFile section */

/* Begin PBXFileReference section */
		041E5AC8296F3ADC00267C6E /* Header.swift */ = {isa = PBXFileReference; lastKnownFileType = sourcecode.swift; path = Header.swift; sourceTree = "<group>"; };
		041E5ACB296F477000267C6E /* TakePicViewController.swift */ = {isa = PBXFileReference; lastKnownFileType = sourcecode.swift; path = TakePicViewController.swift; sourceTree = "<group>"; };
		04BCF43B295AC29100A420B6 /* FinishedHalalChecker.app */ = {isa = PBXFileReference; explicitFileType = wrapper.application; includeInIndex = 0; path = FinishedHalalChecker.app; sourceTree = BUILT_PRODUCTS_DIR; };
		04BCF43E295AC29100A420B6 /* AppDelegate.swift */ = {isa = PBXFileReference; lastKnownFileType = sourcecode.swift; path = AppDelegate.swift; sourceTree = "<group>"; };
		04BCF440295AC29100A420B6 /* SceneDelegate.swift */ = {isa = PBXFileReference; lastKnownFileType = sourcecode.swift; path = SceneDelegate.swift; sourceTree = "<group>"; };
		04BCF442295AC29100A420B6 /* ViewController.swift */ = {isa = PBXFileReference; lastKnownFileType = sourcecode.swift; path = ViewController.swift; sourceTree = "<group>"; };
		04BCF445295AC29100A420B6 /* Base */ = {isa = PBXFileReference; lastKnownFileType = file.storyboard; name = Base; path = Base.lproj/Main.storyboard; sourceTree = "<group>"; };
		04BCF448295AC29100A420B6 /* FinishedHalalChecker.xcdatamodel */ = {isa = PBXFileReference; lastKnownFileType = wrapper.xcdatamodel; path = FinishedHalalChecker.xcdatamodel; sourceTree = "<group>"; };
		04BCF44A295AC29200A420B6 /* Assets.xcassets */ = {isa = PBXFileReference; lastKnownFileType = folder.assetcatalog; path = Assets.xcassets; sourceTree = "<group>"; };
		04BCF44D295AC29200A420B6 /* Base */ = {isa = PBXFileReference; lastKnownFileType = file.storyboard; name = Base; path = Base.lproj/LaunchScreen.storyboard; sourceTree = "<group>"; };
		04BCF44F295AC29200A420B6 /* Info.plist */ = {isa = PBXFileReference; lastKnownFileType = text.plist.xml; path = Info.plist; sourceTree = "<group>"; };
		04BCF485295E50A100A420B6 /* TableViewCell.swift */ = {isa = PBXFileReference; lastKnownFileType = sourcecode.swift; path = TableViewCell.swift; sourceTree = "<group>"; };
		32BAB341F79BC43311A38C8E /* Pods-FinishedHalalChecker.debug.xcconfig */ = {isa = PBXFileReference; includeInIndex = 1; lastKnownFileType = text.xcconfig; name = "Pods-FinishedHalalChecker.debug.xcconfig"; path = "Target Support Files/Pods-FinishedHalalChecker/Pods-FinishedHalalChecker.debug.xcconfig"; sourceTree = "<group>"; };
		428FA54AFF88AA10BBDC216C /* Pods-FinishedHalalChecker.release.xcconfig */ = {isa = PBXFileReference; includeInIndex = 1; lastKnownFileType = text.xcconfig; name = "Pods-FinishedHalalChecker.release.xcconfig"; path = "Target Support Files/Pods-FinishedHalalChecker/Pods-FinishedHalalChecker.release.xcconfig"; sourceTree = "<group>"; };
		81F682749E4419BAEE57D604 /* Pods_FinishedHalalChecker.framework */ = {isa = PBXFileReference; explicitFileType = wrapper.framework; includeInIndex = 0; path = Pods_FinishedHalalChecker.framework; sourceTree = BUILT_PRODUCTS_DIR; };
/* End PBXFileReference section */

/* Begin PBXFrameworksBuildPhase section */
		04BCF438295AC29100A420B6 /* Frameworks */ = {
			isa = PBXFrameworksBuildPhase;
			buildActionMask = 2147483647;
			files = (
				0482641166CF8AE5D16C50ED /* Pods_FinishedHalalChecker.framework in Frameworks */,
			);
			runOnlyForDeploymentPostprocessing = 0;
		};
/* End PBXFrameworksBuildPhase section */

/* Begin PBXGroup section */
		041E5AC5296ECC6E00267C6E /* Model */ = {
			isa = PBXGroup;
			children = (
			);
			path = Model;
			sourceTree = "<group>";
		};
		041E5AC6296F3A7600267C6E /* Cell */ = {
			isa = PBXGroup;
			children = (
				04BCF485295E50A100A420B6 /* TableViewCell.swift */,
			);
			path = Cell;
			sourceTree = "<group>";
		};
		041E5AC7296F3A8000267C6E /* Header */ = {
			isa = PBXGroup;
			children = (
				041E5AC8296F3ADC00267C6E /* Header.swift */,
			);
			path = Header;
			sourceTree = "<group>";
		};
		041E5ACA296F472D00267C6E /* TakePicViewController */ = {
			isa = PBXGroup;
			children = (
				041E5ACB296F477000267C6E /* TakePicViewController.swift */,
			);
			path = TakePicViewController;
			sourceTree = "<group>";
		};
		04BCF432295AC29100A420B6 = {
			isa = PBXGroup;
			children = (
				04BCF43D295AC29100A420B6 /* FinishedHalalChecker */,
				04BCF43C295AC29100A420B6 /* Products */,
				42C999B9C436CA3D8D1342A5 /* Pods */,
				CF9EEB955C73935CB08661A0 /* Frameworks */,
			);
			sourceTree = "<group>";
		};
		04BCF43C295AC29100A420B6 /* Products */ = {
			isa = PBXGroup;
			children = (
				04BCF43B295AC29100A420B6 /* FinishedHalalChecker.app */,
			);
			name = Products;
			sourceTree = "<group>";
		};
		04BCF43D295AC29100A420B6 /* FinishedHalalChecker */ = {
			isa = PBXGroup;
			children = (
				04BCF483295E4D8100A420B6 /* App */,
				041E5AC5296ECC6E00267C6E /* Model */,
				04BCF481295E4D6400A420B6 /* View */,
				04BCF482295E4D7200A420B6 /* Controller */,
				04BCF44A295AC29200A420B6 /* Assets.xcassets */,
				04BCF44F295AC29200A420B6 /* Info.plist */,
				04BCF447295AC29100A420B6 /* FinishedHalalChecker.xcdatamodeld */,
			);
			path = FinishedHalalChecker;
			sourceTree = "<group>";
		};
		04BCF481295E4D6400A420B6 /* View */ = {
			isa = PBXGroup;
			children = (
				04BCF44C295AC29200A420B6 /* LaunchScreen.storyboard */,
				04BCF444295AC29100A420B6 /* Main.storyboard */,
			);
			path = View;
			sourceTree = "<group>";
		};
		04BCF482295E4D7200A420B6 /* Controller */ = {
			isa = PBXGroup;
			children = (
				04BCF484295E508400A420B6 /* ViewController */,
				041E5ACA296F472D00267C6E /* TakePicViewController */,
			);
			path = Controller;
			sourceTree = "<group>";
		};
		04BCF483295E4D8100A420B6 /* App */ = {
			isa = PBXGroup;
			children = (
				04BCF440295AC29100A420B6 /* SceneDelegate.swift */,
				04BCF43E295AC29100A420B6 /* AppDelegate.swift */,
			);
			path = App;
			sourceTree = "<group>";
		};
		04BCF484295E508400A420B6 /* ViewController */ = {
			isa = PBXGroup;
			children = (
				04BCF442295AC29100A420B6 /* ViewController.swift */,
				041E5AC7296F3A8000267C6E /* Header */,
				041E5AC6296F3A7600267C6E /* Cell */,
			);
			path = ViewController;
			sourceTree = "<group>";
		};
		42C999B9C436CA3D8D1342A5 /* Pods */ = {
			isa = PBXGroup;
			children = (
				32BAB341F79BC43311A38C8E /* Pods-FinishedHalalChecker.debug.xcconfig */,
				428FA54AFF88AA10BBDC216C /* Pods-FinishedHalalChecker.release.xcconfig */,
			);
			path = Pods;
			sourceTree = "<group>";
		};
		CF9EEB955C73935CB08661A0 /* Frameworks */ = {
			isa = PBXGroup;
			children = (
				81F682749E4419BAEE57D604 /* Pods_FinishedHalalChecker.framework */,
			);
			name = Frameworks;
			sourceTree = "<group>";
		};
/* End PBXGroup section */

/* Begin PBXNativeTarget section */
		04BCF43A295AC29100A420B6 /* FinishedHalalChecker */ = {
			isa = PBXNativeTarget;
			buildConfigurationList = 04BCF452295AC29200A420B6 /* Build configuration list for PBXNativeTarget "FinishedHalalChecker" */;
			buildPhases = (
				AE149E71C45C936728E1E8A2 /* [CP] Check Pods Manifest.lock */,
				04BCF437295AC29100A420B6 /* Sources */,
				04BCF438295AC29100A420B6 /* Frameworks */,
				04BCF439295AC29100A420B6 /* Resources */,
				3E0ABDD8184048346A5972D2 /* [CP] Embed Pods Frameworks */,
			);
			buildRules = (
			);
			dependencies = (
			);
			name = FinishedHalalChecker;
			productName = FinishedHalalChecker;
			productReference = 04BCF43B295AC29100A420B6 /* FinishedHalalChecker.app */;
			productType = "com.apple.product-type.application";
		};
/* End PBXNativeTarget section */

/* Begin PBXProject section */
		04BCF433295AC29100A420B6 /* Project object */ = {
			isa = PBXProject;
			attributes = {
				BuildIndependentTargetsInParallel = 1;
				LastSwiftUpdateCheck = 1420;
				LastUpgradeCheck = 1420;
				TargetAttributes = {
					04BCF43A295AC29100A420B6 = {
						CreatedOnToolsVersion = 14.2;
					};
				};
			};
			buildConfigurationList = 04BCF436295AC29100A420B6 /* Build configuration list for PBXProject "FinishedHalalChecker" */;
			compatibilityVersion = "Xcode 14.0";
			developmentRegion = en;
			hasScannedForEncodings = 0;
			knownRegions = (
				en,
				Base,
			);
			mainGroup = 04BCF432295AC29100A420B6;
			productRefGroup = 04BCF43C295AC29100A420B6 /* Products */;
			projectDirPath = "";
			projectRoot = "";
			targets = (
				04BCF43A295AC29100A420B6 /* FinishedHalalChecker */,
			);
		};
/* End PBXProject section */

/* Begin PBXResourcesBuildPhase section */
		04BCF439295AC29100A420B6 /* Resources */ = {
			isa = PBXResourcesBuildPhase;
			buildActionMask = 2147483647;
			files = (
				04BCF44E295AC29200A420B6 /* LaunchScreen.storyboard in Resources */,
				04BCF44B295AC29200A420B6 /* Assets.xcassets in Resources */,
				04BCF446295AC29100A420B6 /* Main.storyboard in Resources */,
			);
			runOnlyForDeploymentPostprocessing = 0;
		};
/* End PBXResourcesBuildPhase section */

/* Begin PBXShellScriptBuildPhase section */
		3E0ABDD8184048346A5972D2 /* [CP] Embed Pods Frameworks */ = {
			isa = PBXShellScriptBuildPhase;
			buildActionMask = 2147483647;
			files = (
			);
			inputFileListPaths = (
				"${PODS_ROOT}/Target Support Files/Pods-FinishedHalalChecker/Pods-FinishedHalalChecker-frameworks-${CONFIGURATION}-input-files.xcfilelist",
			);
			name = "[CP] Embed Pods Frameworks";
			outputFileListPaths = (
				"${PODS_ROOT}/Target Support Files/Pods-FinishedHalalChecker/Pods-FinishedHalalChecker-frameworks-${CONFIGURATION}-output-files.xcfilelist",
			);
			runOnlyForDeploymentPostprocessing = 0;
			shellPath = /bin/sh;
			shellScript = "\"${PODS_ROOT}/Target Support Files/Pods-FinishedHalalChecker/Pods-FinishedHalalChecker-frameworks.sh\"\n";
			showEnvVarsInLog = 0;
		};
		AE149E71C45C936728E1E8A2 /* [CP] Check Pods Manifest.lock */ = {
			isa = PBXShellScriptBuildPhase;
			buildActionMask = 2147483647;
			files = (
			);
			inputFileListPaths = (
			);
			inputPaths = (
				"${PODS_PODFILE_DIR_PATH}/Podfile.lock",
				"${PODS_ROOT}/Manifest.lock",
			);
			name = "[CP] Check Pods Manifest.lock";
			outputFileListPaths = (
			);
			outputPaths = (
				"$(DERIVED_FILE_DIR)/Pods-FinishedHalalChecker-checkManifestLockResult.txt",
			);
			runOnlyForDeploymentPostprocessing = 0;
			shellPath = /bin/sh;
			shellScript = "diff \"${PODS_PODFILE_DIR_PATH}/Podfile.lock\" \"${PODS_ROOT}/Manifest.lock\" > /dev/null\nif [ $? != 0 ] ; then\n    # print error to STDERR\n    echo \"error: The sandbox is not in sync with the Podfile.lock. Run 'pod install' or update your CocoaPods installation.\" >&2\n    exit 1\nfi\n# This output is used by Xcode 'outputs' to avoid re-running this script phase.\necho \"SUCCESS\" > \"${SCRIPT_OUTPUT_FILE_0}\"\n";
			showEnvVarsInLog = 0;
		};
/* End PBXShellScriptBuildPhase section */

/* Begin PBXSourcesBuildPhase section */
		04BCF437295AC29100A420B6 /* Sources */ = {
			isa = PBXSourcesBuildPhase;
			buildActionMask = 2147483647;
			files = (
				04BCF486295E50A100A420B6 /* TableViewCell.swift in Sources */,
				04BCF443295AC29100A420B6 /* ViewController.swift in Sources */,
				04BCF43F295AC29100A420B6 /* AppDelegate.swift in Sources */,
				04BCF449295AC29100A420B6 /* FinishedHalalChecker.xcdatamodeld in Sources */,
				041E5AC9296F3ADC00267C6E /* Header.swift in Sources */,
				041E5ACC296F477000267C6E /* TakePicViewController.swift in Sources */,
				04BCF441295AC29100A420B6 /* SceneDelegate.swift in Sources */,
			);
			runOnlyForDeploymentPostprocessing = 0;
		};
/* End PBXSourcesBuildPhase section */

/* Begin PBXVariantGroup section */
		04BCF444295AC29100A420B6 /* Main.storyboard */ = {
			isa = PBXVariantGroup;
			children = (
				04BCF445295AC29100A420B6 /* Base */,
			);
			name = Main.storyboard;
			sourceTree = "<group>";
		};
		04BCF44C295AC29200A420B6 /* LaunchScreen.storyboard */ = {
			isa = PBXVariantGroup;
			children = (
				04BCF44D295AC29200A420B6 /* Base */,
			);
			name = LaunchScreen.storyboard;
			sourceTree = "<group>";
		};
/* End PBXVariantGroup section */

/* Begin XCBuildConfiguration section */
		04BCF450295AC29200A420B6 /* Debug */ = {
			isa = XCBuildConfiguration;
			buildSettings = {
				ALWAYS_SEARCH_USER_PATHS = NO;
				CLANG_ANALYZER_NONNULL = YES;
				CLANG_ANALYZER_NUMBER_OBJECT_CONVERSION = YES_AGGRESSIVE;
				CLANG_CXX_LANGUAGE_STANDARD = "gnu++20";
				CLANG_ENABLE_MODULES = YES;
				CLANG_ENABLE_OBJC_ARC = YES;
				CLANG_ENABLE_OBJC_WEAK = YES;
				CLANG_WARN_BLOCK_CAPTURE_AUTORELEASING = YES;
				CLANG_WARN_BOOL_CONVERSION = YES;
				CLANG_WARN_COMMA = YES;
				CLANG_WARN_CONSTANT_CONVERSION = YES;
				CLANG_WARN_DEPRECATED_OBJC_IMPLEMENTATIONS = YES;
				CLANG_WARN_DIRECT_OBJC_ISA_USAGE = YES_ERROR;
				CLANG_WARN_DOCUMENTATION_COMMENTS = YES;
				CLANG_WARN_EMPTY_BODY = YES;
				CLANG_WARN_ENUM_CONVERSION = YES;
				CLANG_WARN_INFINITE_RECURSION = YES;
				CLANG_WARN_INT_CONVERSION = YES;
				CLANG_WARN_NON_LITERAL_NULL_CONVERSION = YES;
				CLANG_WARN_OBJC_IMPLICIT_RETAIN_SELF = YES;
				CLANG_WARN_OBJC_LITERAL_CONVERSION = YES;
				CLANG_WARN_OBJC_ROOT_CLASS = YES_ERROR;
				CLANG_WARN_QUOTED_INCLUDE_IN_FRAMEWORK_HEADER = YES;
				CLANG_WARN_RANGE_LOOP_ANALYSIS = YES;
				CLANG_WARN_STRICT_PROTOTYPES = YES;
				CLANG_WARN_SUSPICIOUS_MOVE = YES;
				CLANG_WARN_UNGUARDED_AVAILABILITY = YES_AGGRESSIVE;
				CLANG_WARN_UNREACHABLE_CODE = YES;
				CLANG_WARN__DUPLICATE_METHOD_MATCH = YES;
				COPY_PHASE_STRIP = NO;
				DEBUG_INFORMATION_FORMAT = dwarf;
				ENABLE_STRICT_OBJC_MSGSEND = YES;
				ENABLE_TESTABILITY = YES;
				GCC_C_LANGUAGE_STANDARD = gnu11;
				GCC_DYNAMIC_NO_PIC = NO;
				GCC_NO_COMMON_BLOCKS = YES;
				GCC_OPTIMIZATION_LEVEL = 0;
				GCC_PREPROCESSOR_DEFINITIONS = (
					"DEBUG=1",
					"$(inherited)",
				);
				GCC_WARN_64_TO_32_BIT_CONVERSION = YES;
				GCC_WARN_ABOUT_RETURN_TYPE = YES_ERROR;
				GCC_WARN_UNDECLARED_SELECTOR = YES;
				GCC_WARN_UNINITIALIZED_AUTOS = YES_AGGRESSIVE;
				GCC_WARN_UNUSED_FUNCTION = YES;
				GCC_WARN_UNUSED_VARIABLE = YES;
				IPHONEOS_DEPLOYMENT_TARGET = 16.2;
				MTL_ENABLE_DEBUG_INFO = INCLUDE_SOURCE;
				MTL_FAST_MATH = YES;
				ONLY_ACTIVE_ARCH = YES;
				SDKROOT = iphoneos;
				SWIFT_ACTIVE_COMPILATION_CONDITIONS = DEBUG;
				SWIFT_OPTIMIZATION_LEVEL = "-Onone";
			};
			name = Debug;
		};
		04BCF451295AC29200A420B6 /* Release */ = {
			isa = XCBuildConfiguration;
			buildSettings = {
				ALWAYS_SEARCH_USER_PATHS = NO;
				CLANG_ANALYZER_NONNULL = YES;
				CLANG_ANALYZER_NUMBER_OBJECT_CONVERSION = YES_AGGRESSIVE;
				CLANG_CXX_LANGUAGE_STANDARD = "gnu++20";
				CLANG_ENABLE_MODULES = YES;
				CLANG_ENABLE_OBJC_ARC = YES;
				CLANG_ENABLE_OBJC_WEAK = YES;
				CLANG_WARN_BLOCK_CAPTURE_AUTORELEASING = YES;
				CLANG_WARN_BOOL_CONVERSION = YES;
				CLANG_WARN_COMMA = YES;
				CLANG_WARN_CONSTANT_CONVERSION = YES;
				CLANG_WARN_DEPRECATED_OBJC_IMPLEMENTATIONS = YES;
				CLANG_WARN_DIRECT_OBJC_ISA_USAGE = YES_ERROR;
				CLANG_WARN_DOCUMENTATION_COMMENTS = YES;
				CLANG_WARN_EMPTY_BODY = YES;
				CLANG_WARN_ENUM_CONVERSION = YES;
				CLANG_WARN_INFINITE_RECURSION = YES;
				CLANG_WARN_INT_CONVERSION = YES;
				CLANG_WARN_NON_LITERAL_NULL_CONVERSION = YES;
				CLANG_WARN_OBJC_IMPLICIT_RETAIN_SELF = YES;
				CLANG_WARN_OBJC_LITERAL_CONVERSION = YES;
				CLANG_WARN_OBJC_ROOT_CLASS = YES_ERROR;
				CLANG_WARN_QUOTED_INCLUDE_IN_FRAMEWORK_HEADER = YES;
				CLANG_WARN_RANGE_LOOP_ANALYSIS = YES;
				CLANG_WARN_STRICT_PROTOTYPES = YES;
				CLANG_WARN_SUSPICIOUS_MOVE = YES;
				CLANG_WARN_UNGUARDED_AVAILABILITY = YES_AGGRESSIVE;
				CLANG_WARN_UNREACHABLE_CODE = YES;
				CLANG_WARN__DUPLICATE_METHOD_MATCH = YES;
				COPY_PHASE_STRIP = NO;
				DEBUG_INFORMATION_FORMAT = "dwarf-with-dsym";
				ENABLE_NS_ASSERTIONS = NO;
				ENABLE_STRICT_OBJC_MSGSEND = YES;
				GCC_C_LANGUAGE_STANDARD = gnu11;
				GCC_NO_COMMON_BLOCKS = YES;
				GCC_WARN_64_TO_32_BIT_CONVERSION = YES;
				GCC_WARN_ABOUT_RETURN_TYPE = YES_ERROR;
				GCC_WARN_UNDECLARED_SELECTOR = YES;
				GCC_WARN_UNINITIALIZED_AUTOS = YES_AGGRESSIVE;
				GCC_WARN_UNUSED_FUNCTION = YES;
				GCC_WARN_UNUSED_VARIABLE = YES;
				IPHONEOS_DEPLOYMENT_TARGET = 16.2;
				MTL_ENABLE_DEBUG_INFO = NO;
				MTL_FAST_MATH = YES;
				SDKROOT = iphoneos;
				SWIFT_COMPILATION_MODE = wholemodule;
				SWIFT_OPTIMIZATION_LEVEL = "-O";
				VALIDATE_PRODUCT = YES;
			};
			name = Release;
		};
		04BCF453295AC29200A420B6 /* Debug */ = {
			isa = XCBuildConfiguration;
			baseConfigurationReference = 32BAB341F79BC43311A38C8E /* Pods-FinishedHalalChecker.debug.xcconfig */;
			buildSettings = {
				ASSETCATALOG_COMPILER_APPICON_NAME = AppIcon;
				ASSETCATALOG_COMPILER_GLOBAL_ACCENT_COLOR_NAME = AccentColor;
				CODE_SIGN_STYLE = Automatic;
				CURRENT_PROJECT_VERSION = 1;
				DEVELOPMENT_TEAM = V2VQ3HD8ZX;
				GENERATE_INFOPLIST_FILE = YES;
				INFOPLIST_FILE = FinishedHalalChecker/Info.plist;
				INFOPLIST_KEY_UIApplicationSupportsIndirectInputEvents = YES;
				INFOPLIST_KEY_UILaunchStoryboardName = LaunchScreen;
				INFOPLIST_KEY_UIMainStoryboardFile = Main;
				INFOPLIST_KEY_UISupportedInterfaceOrientations_iPad = "UIInterfaceOrientationPortrait UIInterfaceOrientationPortraitUpsideDown UIInterfaceOrientationLandscapeLeft UIInterfaceOrientationLandscapeRight";
				INFOPLIST_KEY_UISupportedInterfaceOrientations_iPhone = "UIInterfaceOrientationPortrait UIInterfaceOrientationLandscapeLeft UIInterfaceOrientationLandscapeRight";
				LD_RUNPATH_SEARCH_PATHS = (
					"$(inherited)",
					"@executable_path/Frameworks",
				);
				MARKETING_VERSION = 1.0;
				PRODUCT_BUNDLE_IDENTIFIER = "Intejer-academy.FinishedHalalChecker";
				PRODUCT_NAME = "$(TARGET_NAME)";
				SWIFT_EMIT_LOC_STRINGS = YES;
				SWIFT_VERSION = 5.0;
				TARGETED_DEVICE_FAMILY = "1,2";
			};
			name = Debug;
		};
		04BCF454295AC29200A420B6 /* Release */ = {
			isa = XCBuildConfiguration;
			baseConfigurationReference = 428FA54AFF88AA10BBDC216C /* Pods-FinishedHalalChecker.release.xcconfig */;
			buildSettings = {
				ASSETCATALOG_COMPILER_APPICON_NAME = AppIcon;
				ASSETCATALOG_COMPILER_GLOBAL_ACCENT_COLOR_NAME = AccentColor;
				CODE_SIGN_STYLE = Automatic;
				CURRENT_PROJECT_VERSION = 1;
				DEVELOPMENT_TEAM = V2VQ3HD8ZX;
				GENERATE_INFOPLIST_FILE = YES;
				INFOPLIST_FILE = FinishedHalalChecker/Info.plist;
				INFOPLIST_KEY_UIApplicationSupportsIndirectInputEvents = YES;
				INFOPLIST_KEY_UILaunchStoryboardName = LaunchScreen;
				INFOPLIST_KEY_UIMainStoryboardFile = Main;
				INFOPLIST_KEY_UISupportedInterfaceOrientations_iPad = "UIInterfaceOrientationPortrait UIInterfaceOrientationPortraitUpsideDown UIInterfaceOrientationLandscapeLeft UIInterfaceOrientationLandscapeRight";
				INFOPLIST_KEY_UISupportedInterfaceOrientations_iPhone = "UIInterfaceOrientationPortrait UIInterfaceOrientationLandscapeLeft UIInterfaceOrientationLandscapeRight";
				LD_RUNPATH_SEARCH_PATHS = (
					"$(inherited)",
					"@executable_path/Frameworks",
				);
				MARKETING_VERSION = 1.0;
				PRODUCT_BUNDLE_IDENTIFIER = "Intejer-academy.FinishedHalalChecker";
				PRODUCT_NAME = "$(TARGET_NAME)";
				SWIFT_EMIT_LOC_STRINGS = YES;
				SWIFT_VERSION = 5.0;
				TARGETED_DEVICE_FAMILY = "1,2";
			};
			name = Release;
		};
/* End XCBuildConfiguration section */

/* Begin XCConfigurationList section */
		04BCF436295AC29100A420B6 /* Build configuration list for PBXProject "FinishedHalalChecker" */ = {
			isa = XCConfigurationList;
			buildConfigurations = (
				04BCF450295AC29200A420B6 /* Debug */,
				04BCF451295AC29200A420B6 /* Release */,
			);
			defaultConfigurationIsVisible = 0;
			defaultConfigurationName = Release;
		};
		04BCF452295AC29200A420B6 /* Build configuration list for PBXNativeTarget "FinishedHalalChecker" */ = {
			isa = XCConfigurationList;
			buildConfigurations = (
				04BCF453295AC29200A420B6 /* Debug */,
				04BCF454295AC29200A420B6 /* Release */,
			);
			defaultConfigurationIsVisible = 0;
			defaultConfigurationName = Release;
		};
/* End XCConfigurationList section */

/* Begin XCVersionGroup section */
		04BCF447295AC29100A420B6 /* FinishedHalalChecker.xcdatamodeld */ = {
			isa = XCVersionGroup;
			children = (
				04BCF448295AC29100A420B6 /* FinishedHalalChecker.xcdatamodel */,
			);
			currentVersion = 04BCF448295AC29100A420B6 /* FinishedHalalChecker.xcdatamodel */;
			path = FinishedHalalChecker.xcdatamodeld;
			sourceTree = "<group>";
			versionGroupType = wrapper.xcdatamodel;
		};
/* End XCVersionGroup section */
	};
	rootObject = 04BCF433295AC29100A420B6 /* Project object */;
}
